# THIS IS AN AUTOGENERATED FILE. DO NOT EDIT THIS FILE DIRECTLY.
# yarn lockfile v1


"@next/env@12.3.2-canary.12":
  version "12.3.2-canary.12"
  resolved "https://registry.yarnpkg.com/@next/env/-/env-12.3.2-canary.12.tgz#beb21b3f0238e1830d28544db2d8bf309198e94c"
  integrity sha512-ggiChCA34xp+y2FpH5/VGU9bBr0wsEHh+tE+6wijjTQ+PUtnwgpp2RYUG/deUFNDJnVwTns3QwN4NXQWk+7pBw==

"@next/swc-android-arm-eabi@12.3.2-canary.12":
  version "12.3.2-canary.12"
  resolved "https://registry.yarnpkg.com/@next/swc-android-arm-eabi/-/swc-android-arm-eabi-12.3.2-canary.12.tgz#2e6aa2dc73e876ff16d19dd218f78bc41cc59147"
  integrity sha512-otENlTOrLKWJkkvgdwpXMA5mjRnDRz8vtnZ6t/NDMzya/t1Z/01Xg3SgJ36AMav53og814Hps6C8ebInvUPbGQ==

"@next/swc-android-arm64@12.3.2-canary.12":
  version "12.3.2-canary.12"
  resolved "https://registry.yarnpkg.com/@next/swc-android-arm64/-/swc-android-arm64-12.3.2-canary.12.tgz#4dad3cde6d8055df89992d7ced1e897bf92682f3"
  integrity sha512-lH8Szy34tMYHWk9iBjDDw1VDB6g0xvvzur5XpVPqIuGM334uf10t+rMxvUSYDAxrNxaBLj3kSJNRxXVLdBycCQ==

"@next/swc-darwin-arm64@12.3.2-canary.12":
  version "12.3.2-canary.12"
  resolved "https://registry.yarnpkg.com/@next/swc-darwin-arm64/-/swc-darwin-arm64-12.3.2-canary.12.tgz#c830b908941f8d5aa0c203d7aef70a01f744bbd5"
  integrity sha512-u+IpxUUcMO/XKgCjxGYAF3/h07uCCwHD3m4r8RxRwfF3YZpPvkE8XHei8cPUUBlLyhDl5p3ss6nFTpBMPiFf3Q==

"@next/swc-darwin-x64@12.3.2-canary.12":
  version "12.3.2-canary.12"
  resolved "https://registry.yarnpkg.com/@next/swc-darwin-x64/-/swc-darwin-x64-12.3.2-canary.12.tgz#7e27a8d0c330d948b1a530847bff1b6eaa57ad34"
  integrity sha512-Lan9be2O5hay0JLbXaILstxFO1cSuIwrwxMylt5XB5CGkqdOGEEA30xeFt4pxHaRD7DYiSYaaux+svGB7gcVcA==

"@next/swc-freebsd-x64@12.3.2-canary.12":
  version "12.3.2-canary.12"
  resolved "https://registry.yarnpkg.com/@next/swc-freebsd-x64/-/swc-freebsd-x64-12.3.2-canary.12.tgz#4d8887ffcfec61dda328b12009e432649c80c7f7"
  integrity sha512-Ef+pWD6sabO1XZs7785i9jQOL5cEDdgvzckarS5xooqJu0c+YWiq5FRA1dpjrMt45LZ9z1orMaMjw20dpjTE5g==

"@next/swc-linux-arm-gnueabihf@12.3.2-canary.12":
  version "12.3.2-canary.12"
  resolved "https://registry.yarnpkg.com/@next/swc-linux-arm-gnueabihf/-/swc-linux-arm-gnueabihf-12.3.2-canary.12.tgz#5eba86994736cfa9d6aea6e994eb7fee95d0ea98"
  integrity sha512-tc7s9Edzs4RYkf9eEmIjYsk3ljCU8c12pVMogBZaaZDXmftOdSusOUsxdQl/uYInlGKKjMCoxTgQBaZYwZQHtg==

"@next/swc-linux-arm64-gnu@12.3.2-canary.12":
  version "12.3.2-canary.12"
  resolved "https://registry.yarnpkg.com/@next/swc-linux-arm64-gnu/-/swc-linux-arm64-gnu-12.3.2-canary.12.tgz#2d00dda0e55b320827c4141090fe95980581d93c"
  integrity sha512-AaSh2wMB+liB9dCNQNbNwvdziN/nb2YyxiADMnQrMSIb1Vcv2OFewBEoHwCTgH22oo8muOMl5y9RmrcIoHnthw==

"@next/swc-linux-arm64-musl@12.3.2-canary.12":
  version "12.3.2-canary.12"
  resolved "https://registry.yarnpkg.com/@next/swc-linux-arm64-musl/-/swc-linux-arm64-musl-12.3.2-canary.12.tgz#36675cc38d884635ea69479f7051a4131fef93cf"
  integrity sha512-/8PIHjvRt2rRwcOQecajJgfR3m3kgVwtEVZJnga7mmi4ybnJ/Z+IK2ikmFcIGZM604I8CFb/WMbRM46HnkHNtQ==

"@next/swc-linux-x64-gnu@12.3.2-canary.12":
  version "12.3.2-canary.12"
  resolved "https://registry.yarnpkg.com/@next/swc-linux-x64-gnu/-/swc-linux-x64-gnu-12.3.2-canary.12.tgz#2423088e6d12408e69676fa4fb486caf686f8ef1"
  integrity sha512-mPN+vRCaC3RcnVxJQEAGP7xgyknakR9LbOfdXI5nk1mMLPpNjim1+z7wMfKueq9Lkz41bxNLrCfdGMOSwlifAw==

"@next/swc-linux-x64-musl@12.3.2-canary.12":
  version "12.3.2-canary.12"
  resolved "https://registry.yarnpkg.com/@next/swc-linux-x64-musl/-/swc-linux-x64-musl-12.3.2-canary.12.tgz#bc49cd9efa7df5b418842d00cdf8ab551dfb7163"
  integrity sha512-qWri80zYuYb8aOwRn5RYXYNid1zzaYd3d8Xea2tRjPlNL5FJPh+quiEhAx9TjS63P3++lYYyAebISTMp7MnNIQ==

"@next/swc-win32-arm64-msvc@12.3.2-canary.12":
  version "12.3.2-canary.12"
  resolved "https://registry.yarnpkg.com/@next/swc-win32-arm64-msvc/-/swc-win32-arm64-msvc-12.3.2-canary.12.tgz#e6f86dfa48d6be8dc002b516ad16588a0a33b83a"
  integrity sha512-NyWuAm4i5dJc8cjq9TcIbWvaAfNCRQX9Cs/laEC8z8IB/h9ucDnx5rWsXD/kuJ25BDoZE8MvBVdP0uad6pJqYQ==

"@next/swc-win32-ia32-msvc@12.3.2-canary.12":
  version "12.3.2-canary.12"
  resolved "https://registry.yarnpkg.com/@next/swc-win32-ia32-msvc/-/swc-win32-ia32-msvc-12.3.2-canary.12.tgz#09ac2f7d07b7bfcdbbdc433ef1f4c452d4f9b434"
  integrity sha512-kSuMfvEqgCLsUhbAH6R1v230ld9Q9vZii58sXJ//5eHOewWIcf7Vuv/qaQuH7XLXxC3arxymWWRSpznwldGMMg==

"@next/swc-win32-x64-msvc@12.3.2-canary.12":
  version "12.3.2-canary.12"
  resolved "https://registry.yarnpkg.com/@next/swc-win32-x64-msvc/-/swc-win32-x64-msvc-12.3.2-canary.12.tgz#40e6d83f5cf4690316ccb8389e1ccdc2d84a3c0a"
  integrity sha512-Hk6XxlS47GQmyOWfJWg3E5qT4t7rJ67vLAoabcbvBNTPEPE8PDBI75ufnOQr+k7Ya0HGuIcAMnSpATaac9fnsw==

"@swc/helpers@0.4.11":
  version "0.4.11"
  resolved "https://registry.yarnpkg.com/@swc/helpers/-/helpers-0.4.11.tgz#db23a376761b3d31c26502122f349a21b592c8de"
  integrity sha512-rEUrBSGIoSFuYxwBYtlUFMlE2CwGhmW+w9355/5oduSw8e5h2+Tj4UrAGNNgP9915++wj5vkQo0UuOBqOAq4nw==
  dependencies:
    tslib "^2.4.0"

"@types/node@^18.0.0":
  version "18.7.23"
  resolved "https://registry.yarnpkg.com/@types/node/-/node-18.7.23.tgz#75c580983846181ebe5f4abc40fe9dfb2d65665f"
  integrity sha512-DWNcCHolDq0ZKGizjx2DZjR/PqsYwAcYUJmfMWqtVU2MBMG5Mo+xFZrhGId5r/O5HOuMPyQEcM6KUBp5lBZZBg==

"@types/prop-types@*":
  version "15.7.5"
  resolved "https://registry.yarnpkg.com/@types/prop-types/-/prop-types-15.7.5.tgz#5f19d2b85a98e9558036f6a3cacc8819420f05cf"
  integrity sha512-JCB8C6SnDoQf0cNycqd/35A7MjcnK+ZTqE7judS6o7utxUCg6imJg3QK2qzHKszlTjcj2cn+NwMB2i96ubpj7w==

"@types/react@^18.0.14":
  version "18.0.21"
  resolved "https://registry.yarnpkg.com/@types/react/-/react-18.0.21.tgz#b8209e9626bb00a34c76f55482697edd2b43cc67"
  integrity sha512-7QUCOxvFgnD5Jk8ZKlUAhVcRj7GuJRjnjjiY/IUBWKgOlnvDvTMLD4RTF7NPyVmbRhNrbomZiOepg7M/2Kj1mA==
  dependencies:
    "@types/prop-types" "*"
    "@types/scheduler" "*"
    csstype "^3.0.2"

"@types/scheduler@*":
  version "0.16.2"
  resolved "https://registry.yarnpkg.com/@types/scheduler/-/scheduler-0.16.2.tgz#1a62f89525723dde24ba1b01b092bf5df8ad4d39"
  integrity sha512-hppQEBDmlwhFAXKJX2KnWLYu5yMfi91yazPb2l+lbJiwW+wdo1gNeRA+3RgNSO39WYX2euey41KEwnqesU2Jew==

caniuse-lite@^1.0.30001406:
  version "1.0.30001412"
  resolved "https://registry.yarnpkg.com/caniuse-lite/-/caniuse-lite-1.0.30001412.tgz#30f67d55a865da43e0aeec003f073ea8764d5d7c"
  integrity sha512-+TeEIee1gS5bYOiuf+PS/kp2mrXic37Hl66VY6EAfxasIk5fELTktK2oOezYed12H8w7jt3s512PpulQidPjwA==

csstype@^3.0.2:
  version "3.1.1"
  resolved "https://registry.yarnpkg.com/csstype/-/csstype-3.1.1.tgz#841b532c45c758ee546a11d5bd7b7b473c8c30b9"
  integrity sha512-DJR/VvkAvSZW9bTouZue2sSxDwdTN92uHjqeKVm+0dAqdfNykRzQ95tay8aXMBAAPpUiq4Qcug2L7neoRh2Egw==

"js-tokens@^3.0.0 || ^4.0.0":
  version "4.0.0"
  resolved "https://registry.yarnpkg.com/js-tokens/-/js-tokens-4.0.0.tgz#19203fb59991df98e3a287050d4647cdeaf32499"
  integrity sha512-RdJUflcE3cUzKiMqQgsCu06FPu9UdIJO0beYbPhHN4k6apgJtifcoCtT9bcxOpYBtpD2kCM6Sbzg4CausW/PKQ==

loose-envify@^1.1.0:
  version "1.4.0"
  resolved "https://registry.yarnpkg.com/loose-envify/-/loose-envify-1.4.0.tgz#71ee51fa7be4caec1a63839f7e682d8132d30caf"
  integrity sha512-lyuxPGr/Wfhrlem2CL/UcnUc1zcqKAImBDzukY7Y5F/yQiNdko6+fRLevlw1HgMySw7f611UIY408EtxRSoK3Q==
  dependencies:
    js-tokens "^3.0.0 || ^4.0.0"

nanoid@^3.3.4:
  version "3.3.4"
  resolved "https://registry.yarnpkg.com/nanoid/-/nanoid-3.3.4.tgz#730b67e3cd09e2deacf03c027c81c9d9dbc5e8ab"
  integrity sha512-MqBkQh/OHTS2egovRtLk45wEyNXwF+cokD+1YPf9u5VfJiRdAiRwB2froX5Co9Rh20xs4siNPm8naNotSD6RBw==

next@canary:
  version "12.3.2-canary.12"
  resolved "https://registry.yarnpkg.com/next/-/next-12.3.2-canary.12.tgz#3b07adc4a9ff663282f5036bdd189e8f0baed9fa"
  integrity sha512-0b+k6Wt+zohw21CdmDJNpyFCku1w9Y0gs5h0PItwZqq25ARriuRXdmBReReAef3oQR7qOg0ReMEHs5xIpdjIbA==
  dependencies:
    "@next/env" "12.3.2-canary.12"
    "@swc/helpers" "0.4.11"
    caniuse-lite "^1.0.30001406"
    postcss "8.4.14"
    styled-jsx "5.0.7"
    use-sync-external-store "1.2.0"
  optionalDependencies:
    "@next/swc-android-arm-eabi" "12.3.2-canary.12"
    "@next/swc-android-arm64" "12.3.2-canary.12"
    "@next/swc-darwin-arm64" "12.3.2-canary.12"
    "@next/swc-darwin-x64" "12.3.2-canary.12"
    "@next/swc-freebsd-x64" "12.3.2-canary.12"
    "@next/swc-linux-arm-gnueabihf" "12.3.2-canary.12"
    "@next/swc-linux-arm64-gnu" "12.3.2-canary.12"
    "@next/swc-linux-arm64-musl" "12.3.2-canary.12"
    "@next/swc-linux-x64-gnu" "12.3.2-canary.12"
    "@next/swc-linux-x64-musl" "12.3.2-canary.12"
    "@next/swc-win32-arm64-msvc" "12.3.2-canary.12"
    "@next/swc-win32-ia32-msvc" "12.3.2-canary.12"
    "@next/swc-win32-x64-msvc" "12.3.2-canary.12"

picocolors@^1.0.0:
  version "1.0.0"
  resolved "https://registry.yarnpkg.com/picocolors/-/picocolors-1.0.0.tgz#cb5bdc74ff3f51892236eaf79d68bc44564ab81c"
  integrity sha512-1fygroTLlHu66zi26VoTDv8yRgm0Fccecssto+MhsZ0D/DGW2sm8E8AjW7NU5VVTRt5GxbeZ5qBuJr+HyLYkjQ==

postcss@8.4.14:
  version "8.4.14"
  resolved "https://registry.yarnpkg.com/postcss/-/postcss-8.4.14.tgz#ee9274d5622b4858c1007a74d76e42e56fd21caf"
  integrity sha512-E398TUmfAYFPBSdzgeieK2Y1+1cpdxJx8yXbK/m57nRhKSmk1GB2tO4lbLBtlkfPQTDKfe4Xqv1ASWPpayPEig==
  dependencies:
    nanoid "^3.3.4"
    picocolors "^1.0.0"
    source-map-js "^1.0.2"

react-dom@^18.2.0:
  version "18.2.0"
  resolved "https://registry.yarnpkg.com/react-dom/-/react-dom-18.2.0.tgz#22aaf38708db2674ed9ada224ca4aa708d821e3d"
  integrity sha512-6IMTriUmvsjHUjNtEDudZfuDQUoWXVxKHhlEGSk81n4YFS+r/Kl99wXiwlVXtPBtJenozv2P+hxDsw9eA7Xo6g==
  dependencies:
    loose-envify "^1.1.0"
    scheduler "^0.23.0"

react@^18.2.0:
  version "18.2.0"
  resolved "https://registry.yarnpkg.com/react/-/react-18.2.0.tgz#555bd98592883255fa00de14f1151a917b5d77d5"
  integrity sha512-/3IjMdb2L9QbBdWiW5e3P2/npwMBaU9mHCSCUzNln0ZCYbcfTsGbTJrU/kGemdH2IWmB2ioZ+zkxtmq6g09fGQ==
  dependencies:
    loose-envify "^1.1.0"

scheduler@^0.23.0:
  version "0.23.0"
  resolved "https://registry.yarnpkg.com/scheduler/-/scheduler-0.23.0.tgz#ba8041afc3d30eb206a487b6b384002e4e61fdfe"
  integrity sha512-CtuThmgHNg7zIZWAXi3AsyIzA3n4xx7aNyjwC2VJldO2LMVDhFK+63xGqq6CsJH4rTAt6/M+N4GhZiDYPx9eUw==
  dependencies:
    loose-envify "^1.1.0"

source-map-js@^1.0.2:
  version "1.0.2"
  resolved "https://registry.yarnpkg.com/source-map-js/-/source-map-js-1.0.2.tgz#adbc361d9c62df380125e7f161f71c826f1e490c"
  integrity sha512-R0XvVJ9WusLiqTCEiGCmICCMplcCkIwwR11mOSD9CR5u+IXYdiseeEuXCVAjS54zqwkLcPNnmU4OeJ6tUrWhDw==

styled-jsx@5.0.7:
  version "5.0.7"
  resolved "https://registry.yarnpkg.com/styled-jsx/-/styled-jsx-5.0.7.tgz#be44afc53771b983769ac654d355ca8d019dff48"
  integrity sha512-b3sUzamS086YLRuvnaDigdAewz1/EFYlHpYBP5mZovKEdQQOIIYq8lApylub3HHZ6xFjV051kkGU7cudJmrXEA==

tslib@^2.4.0:
  version "2.4.0"
  resolved "https://registry.yarnpkg.com/tslib/-/tslib-2.4.0.tgz#7cecaa7f073ce680a05847aa77be941098f36dc3"
  integrity sha512-d6xOpEDfsi2CZVlPQzGeux8XMwLT9hssAsaPYExaQMuYskwb+x1x7J371tWlbBdWHroy99KnVB6qIkUbs5X3UQ==

typescript@^4.7.4:
  version "4.8.4"
  resolved "https://registry.yarnpkg.com/typescript/-/typescript-4.8.4.tgz#c464abca159669597be5f96b8943500b238e60e6"
  integrity sha512-QCh+85mCy+h0IGff8r5XWzOVSbBO+KfeYrMQh7NJ58QujwcE22u+NUSmUxqF+un70P9GXKxa2HCNiTTMJknyjQ==

use-sync-external-store@1.2.0:
  version "1.2.0"
  resolved "https://registry.yarnpkg.com/use-sync-external-store/-/use-sync-external-store-1.2.0.tgz#7dbefd6ef3fe4e767a0cf5d7287aacfb5846928a"
  integrity sha512-eEgnFxGQ1Ife9bzYs6VLi8/4X6CObHMw9Qr9tPY43iKwsPw8xE8+EFsf/2cFZ5S3esXgpWgtSCtLNS41F+sKPA==
